
Microsoft Visual Studio Solution File, Format Version 12.00
Project("{FAE04EC0-301F-11D3-BF4B-00C04F79EFBC}") = "SchoolPaper", "SchoolPaper\SchoolPaper.csproj", "{B8BC2F86-9AFB-4AC6-A281-EED2C9BBE5A0}"
EndProject
Project("{FAE04EC0-301F-11D3-BF4B-00C04F79EFBC}") = "Backend", "Backend\Backend.csproj", "{44ACA8EF-27A7-4927-8995-72CF0A382784}"
EndProject
Global
	GlobalSection(SolutionConfigurationPlatforms) = preSolution
		Debug|Any CPU = Debug|Any CPU
		Release|Any CPU = Release|Any CPU
	EndGlobalSection
	GlobalSection(ProjectConfigurationPlatforms) = postSolution
		{B8BC2F86-9AFB-4AC6-A281-EED2C9BBE5A0}.Debug|Any CPU.ActiveCfg = Debug|Any CPU
		{B8BC2F86-9AFB-4AC6-A281-EED2C9BBE5A0}.Debug|Any CPU.Build.0 = Debug|Any CPU
		{B8BC2F86-9AFB-4AC6-A281-EED2C9BBE5A0}.Release|Any CPU.ActiveCfg = Release|Any CPU
		{B8BC2F86-9AFB-4AC6-A281-EED2C9BBE5A0}.Release|Any CPU.Build.0 = Release|Any CPU
		{44ACA8EF-27A7-4927-8995-72CF0A382784}.Debug|Any CPU.ActiveCfg = Debug|Any CPU
		{44ACA8EF-27A7-4927-8995-72CF0A382784}.Debug|Any CPU.Build.0 = Debug|Any CPU
		{44ACA8EF-27A7-4927-8995-72CF0A382784}.Release|Any CPU.ActiveCfg = Release|Any CPU
		{44ACA8EF-27A7-4927-8995-72CF0A382784}.Release|Any CPU.Build.0 = Release|Any CPU
	EndGlobalSection
EndGlobal
